<?xml version="1.0" encoding="utf-8"?>
<Project ToolsVersion="4.0" xmlns="http://schemas.microsoft.com/developer/msbuild/2003">
  <ItemGroup>
    <ClCompile Include="renderer.cpp" />
    <ClCompile Include="..\lib\imgui\imgui.cpp">
      <Filter>template\imgui</Filter>
    </ClCompile>
    <ClCompile Include="..\lib\imgui\imgui_demo.cpp">
      <Filter>template\imgui</Filter>
    </ClCompile>
    <ClCompile Include="..\lib\imgui\imgui_draw.cpp">
      <Filter>template\imgui</Filter>
    </ClCompile>
    <ClCompile Include="..\lib\imgui\imgui_impl_glfw.cpp">
      <Filter>template\imgui</Filter>
    </ClCompile>
    <ClCompile Include="..\lib\imgui\imgui_impl_opengl3.cpp">
      <Filter>template\imgui</Filter>
    </ClCompile>
    <ClCompile Include="..\lib\imgui\imgui_tables.cpp">
      <Filter>template\imgui</Filter>
    </ClCompile>
    <ClCompile Include="..\lib\imgui\imgui_widgets.cpp">
      <Filter>template\imgui</Filter>
    </ClCompile>
    <ClCompile Include="..\template\opencl.cpp">
      <Filter>template</Filter>
    </ClCompile>
    <ClCompile Include="..\template\opengl.cpp">
      <Filter>template</Filter>
    </ClCompile>
    <ClCompile Include="..\template\surface.cpp">
      <Filter>template</Filter>
    </ClCompile>
    <ClCompile Include="..\template\template.cpp">
      <Filter>template</Filter>
    </ClCompile>
    <ClCompile Include="..\template\tmplmath.cpp">
      <Filter>template</Filter>
    </ClCompile>
    <ClCompile Include="..\template\model.cpp">
      <Filter>template</Filter>
    </ClCompile>
    <ClCompile Include="bvh.cpp">
      <Filter>bvh</Filter>
    </ClCompile>
    <ClCompile Include="bvh_scene.cpp">
      <Filter>bvh</Filter>
    </ClCompile>
    <ClCompile Include="grid.cpp">
      <Filter>grid</Filter>
    </ClCompile>
    <ClCompile Include="grid_scene.cpp">
      <Filter>grid</Filter>
    </ClCompile>
    <ClCompile Include="basic_scene.cpp" />
    <ClCompile Include="scenes\primitive_scene.cpp">
      <Filter>scenes</Filter>
    </ClCompile>
    <ClCompile Include="scenes\scene_1.cpp">
      <Filter>scenes</Filter>
    </ClCompile>
    <ClCompile Include="scenes\scene_2.cpp">
      <Filter>scenes</Filter>
    </ClCompile>
  </ItemGroup>
  <ItemGroup>
    <ClInclude Include="renderer.h" />
    <ClInclude Include="..\lib\imgui\imgui.h">
      <Filter>template\imgui</Filter>
    </ClInclude>
    <ClInclude Include="..\lib\imgui\imgui_impl_glfw.h">
      <Filter>template\imgui</Filter>
    </ClInclude>
    <ClInclude Include="..\lib\imgui\imgui_impl_opengl3.h">
      <Filter>template\imgui</Filter>
    </ClInclude>
    <ClInclude Include="..\lib\imgui\imgui_impl_opengl3_loader.h">
      <Filter>template\imgui</Filter>
    </ClInclude>
    <ClInclude Include="..\lib\imgui\imgui_internal.h">
      <Filter>template\imgui</Filter>
    </ClInclude>
    <ClInclude Include="..\lib\imgui\imstb_rectpack.h">
      <Filter>template\imgui</Filter>
    </ClInclude>
    <ClInclude Include="..\lib\imgui\imstb_textedit.h">
      <Filter>template\imgui</Filter>
    </ClInclude>
    <ClInclude Include="..\lib\imgui\imstb_truetype.h">
      <Filter>template\imgui</Filter>
    </ClInclude>
    <ClInclude Include="..\lib\imgui\imconfig.h">
      <Filter>template\imgui</Filter>
    </ClInclude>
    <ClInclude Include="..\template\opencl.h">
      <Filter>template</Filter>
    </ClInclude>
    <ClInclude Include="..\template\opengl.h">
      <Filter>template</Filter>
    </ClInclude>
    <ClInclude Include="..\template\precomp.h">
      <Filter>template</Filter>
    </ClInclude>
    <ClInclude Include="..\template\camera.h">
      <Filter>template</Filter>
    </ClInclude>
    <ClInclude Include="..\template\common.h">
      <Filter>template</Filter>
    </ClInclude>
    <ClInclude Include="..\template\scene.h">
      <Filter>template</Filter>
    </ClInclude>
    <ClInclude Include="..\template\surface.h">
      <Filter>template</Filter>
    </ClInclude>
    <ClInclude Include="..\template\tmplmath.h">
      <Filter>template</Filter>
    </ClInclude>
    <ClInclude Include="helper.h" />
    <ClInclude Include="..\template\ray.h">
      <Filter>template</Filter>
    </ClInclude>
    <ClInclude Include="..\template\material.h">
      <Filter>template</Filter>
    </ClInclude>
    <ClInclude Include="..\template\primitives.h">
      <Filter>template</Filter>
    </ClInclude>
    <ClInclude Include="..\template\model.h">
      <Filter>template</Filter>
    </ClInclude>
    <ClInclude Include="..\template\texture.h">
      <Filter>template</Filter>
    </ClInclude>
    <ClInclude Include="bvh.h">
      <Filter>bvh</Filter>
    </ClInclude>
    <ClInclude Include="bvh_scene.h">
      <Filter>bvh</Filter>
    </ClInclude>
    <ClInclude Include="grid.h">
      <Filter>grid</Filter>
    </ClInclude>
    <ClInclude Include="grid_scene.h">
      <Filter>grid</Filter>
    </ClInclude>
    <ClInclude Include="hit_info.h" />
    <ClInclude Include="basic_scene.h" />
    <ClInclude Include="scenes\base_scene.h">
      <Filter>scenes</Filter>
    </ClInclude>
    <ClInclude Include="scenes\primitive_scene.h">
      <Filter>scenes</Filter>
    </ClInclude>
    <ClInclude Include="scenes\scene_1.h">
      <Filter>scenes</Filter>
    </ClInclude>
    <ClInclude Include="scenes\scene_2.h">
      <Filter>scenes</Filter>
    </ClInclude>
  </ItemGroup>
  <ItemGroup>
    <Filter Include="template">
      <UniqueIdentifier>{ab1e8107-5ecc-459c-b6be-898036a3e059}</UniqueIdentifier>
    </Filter>
    <Filter Include="template\imgui">
      <UniqueIdentifier>{63ed95a2-d26b-4145-a2e0-5fb72e8ef727}</UniqueIdentifier>
    </Filter>
    <Filter Include="bvh">
      <UniqueIdentifier>{424c5119-0015-4e65-8f13-af93548b35a8}</UniqueIdentifier>
    </Filter>
    <Filter Include="grid">
      <UniqueIdentifier>{4c5bec9c-0781-48a7-a87c-c599b8772339}</UniqueIdentifier>
    </Filter>
    <Filter Include="scenes">
      <UniqueIdentifier>{b821885e-8a8d-4e73-8e0c-05f55902b67d}</UniqueIdentifier>
    </Filter>
  </ItemGroup>
  <ItemGroup>
    <None Include="..\template\LICENSE">
      <Filter>template</Filter>
    </None>
  </ItemGroup>
</Project>